// !$*UTF8*$!
{
	archiveVersion = 1;
	classes = {
	};
	objectVersion = 50;
	objects = {

/* Begin PBXBuildFile section */
		9B95642623A3B9E500ABFFAF /* AppDelegate.swift in Sources */ = {isa = PBXBuildFile; fileRef = 9B95642523A3B9E500ABFFAF /* AppDelegate.swift */; };
		9B95642823A3B9E500ABFFAF /* SceneDelegate.swift in Sources */ = {isa = PBXBuildFile; fileRef = 9B95642723A3B9E500ABFFAF /* SceneDelegate.swift */; };
		9B95642A23A3B9E500ABFFAF /* UserViewController.swift in Sources */ = {isa = PBXBuildFile; fileRef = 9B95642923A3B9E500ABFFAF /* UserViewController.swift */; };
		9B95642D23A3B9E500ABFFAF /* Main.storyboard in Resources */ = {isa = PBXBuildFile; fileRef = 9B95642B23A3B9E500ABFFAF /* Main.storyboard */; };
		9B95643023A3B9E500ABFFAF /* MigrationCoreData.xcdatamodeld in Sources */ = {isa = PBXBuildFile; fileRef = 9B95642E23A3B9E500ABFFAF /* MigrationCoreData.xcdatamodeld */; };
		9B95643223A3B9E600ABFFAF /* Assets.xcassets in Resources */ = {isa = PBXBuildFile; fileRef = 9B95643123A3B9E600ABFFAF /* Assets.xcassets */; };
		9B95643523A3B9E600ABFFAF /* LaunchScreen.storyboard in Resources */ = {isa = PBXBuildFile; fileRef = 9B95643323A3B9E600ABFFAF /* LaunchScreen.storyboard */; };
		9B95643E23A3BE6700ABFFAF /* UserTableViewCell.swift in Sources */ = {isa = PBXBuildFile; fileRef = 9B95643D23A3BE6700ABFFAF /* UserTableViewCell.swift */; };
		9B95644123A3BF7000ABFFAF /* UserModel.swift in Sources */ = {isa = PBXBuildFile; fileRef = 9B95644023A3BF7000ABFFAF /* UserModel.swift */; };
		9B95644523A3CD9A00ABFFAF /* InternationalUser+CoreDataClass.swift in Sources */ = {isa = PBXBuildFile; fileRef = 9B95644323A3CD9A00ABFFAF /* InternationalUser+CoreDataClass.swift */; };
		9B95644A23A3D80E00ABFFAF /* SwedenUserMapping.swift in Sources */ = {isa = PBXBuildFile; fileRef = 9B95644923A3D80E00ABFFAF /* SwedenUserMapping.swift */; };
		9B95644C23A3D8C600ABFFAF /* FinlandUserMapping.swift in Sources */ = {isa = PBXBuildFile; fileRef = 9B95644B23A3D8C600ABFFAF /* FinlandUserMapping.swift */; };
		9B95645223A3E28200ABFFAF /* Model.xcmappingmodel in Sources */ = {isa = PBXBuildFile; fileRef = 9B95645123A3E28200ABFFAF /* Model.xcmappingmodel */; };
		9B95645523A3E75900ABFFAF /* ShwedenUser+CoreDataClass.swift in Sources */ = {isa = PBXBuildFile; fileRef = 9B95645323A3E75900ABFFAF /* ShwedenUser+CoreDataClass.swift */; };
		9B95645623A3E75900ABFFAF /* ShwedenUser+CoreDataProperties.swift in Sources */ = {isa = PBXBuildFile; fileRef = 9B95645423A3E75900ABFFAF /* ShwedenUser+CoreDataProperties.swift */; };
		9B95645923A3E92500ABFFAF /* FinlandUser+CoreDataClass.swift in Sources */ = {isa = PBXBuildFile; fileRef = 9B95645723A3E92500ABFFAF /* FinlandUser+CoreDataClass.swift */; };
		9B95645A23A3E92500ABFFAF /* FinlandUser+CoreDataProperties.swift in Sources */ = {isa = PBXBuildFile; fileRef = 9B95645823A3E92500ABFFAF /* FinlandUser+CoreDataProperties.swift */; };
/* End PBXBuildFile section */

/* Begin PBXFileReference section */
		9B95642223A3B9E500ABFFAF /* MigrationCoreData.app */ = {isa = PBXFileReference; explicitFileType = wrapper.application; includeInIndex = 0; path = MigrationCoreData.app; sourceTree = BUILT_PRODUCTS_DIR; };
		9B95642523A3B9E500ABFFAF /* AppDelegate.swift */ = {isa = PBXFileReference; lastKnownFileType = sourcecode.swift; path = AppDelegate.swift; sourceTree = "<group>"; };
		9B95642723A3B9E500ABFFAF /* SceneDelegate.swift */ = {isa = PBXFileReference; lastKnownFileType = sourcecode.swift; path = SceneDelegate.swift; sourceTree = "<group>"; };
		9B95642923A3B9E500ABFFAF /* UserViewController.swift */ = {isa = PBXFileReference; lastKnownFileType = sourcecode.swift; path = UserViewController.swift; sourceTree = "<group>"; };
		9B95642C23A3B9E500ABFFAF /* Base */ = {isa = PBXFileReference; lastKnownFileType = file.storyboard; name = Base; path = Base.lproj/Main.storyboard; sourceTree = "<group>"; };
		9B95642F23A3B9E500ABFFAF /* MigrationCoreData.xcdatamodel */ = {isa = PBXFileReference; lastKnownFileType = wrapper.xcdatamodel; path = MigrationCoreData.xcdatamodel; sourceTree = "<group>"; };
		9B95643123A3B9E600ABFFAF /* Assets.xcassets */ = {isa = PBXFileReference; lastKnownFileType = folder.assetcatalog; path = Assets.xcassets; sourceTree = "<group>"; };
		9B95643423A3B9E600ABFFAF /* Base */ = {isa = PBXFileReference; lastKnownFileType = file.storyboard; name = Base; path = Base.lproj/LaunchScreen.storyboard; sourceTree = "<group>"; };
		9B95643623A3B9E600ABFFAF /* Info.plist */ = {isa = PBXFileReference; lastKnownFileType = text.plist.xml; path = Info.plist; sourceTree = "<group>"; };
		9B95643D23A3BE6700ABFFAF /* UserTableViewCell.swift */ = {isa = PBXFileReference; lastKnownFileType = sourcecode.swift; path = UserTableViewCell.swift; sourceTree = "<group>"; };
		9B95644023A3BF7000ABFFAF /* UserModel.swift */ = {isa = PBXFileReference; lastKnownFileType = sourcecode.swift; path = UserModel.swift; sourceTree = "<group>"; };
		9B95644323A3CD9A00ABFFAF /* InternationalUser+CoreDataClass.swift */ = {isa = PBXFileReference; lastKnownFileType = sourcecode.swift; path = "InternationalUser+CoreDataClass.swift"; sourceTree = "<group>"; };
		9B95644723A3D36000ABFFAF /* MigrationCoreDataV2.xcdatamodel */ = {isa = PBXFileReference; lastKnownFileType = wrapper.xcdatamodel; path = MigrationCoreDataV2.xcdatamodel; sourceTree = "<group>"; };
		9B95644923A3D80E00ABFFAF /* SwedenUserMapping.swift */ = {isa = PBXFileReference; lastKnownFileType = sourcecode.swift; path = SwedenUserMapping.swift; sourceTree = "<group>"; };
		9B95644B23A3D8C600ABFFAF /* FinlandUserMapping.swift */ = {isa = PBXFileReference; lastKnownFileType = sourcecode.swift; path = FinlandUserMapping.swift; sourceTree = "<group>"; };
		9B95645123A3E28200ABFFAF /* Model.xcmappingmodel */ = {isa = PBXFileReference; lastKnownFileType = wrapper.xcmappingmodel; path = Model.xcmappingmodel; sourceTree = "<group>"; };
		9B95645323A3E75900ABFFAF /* ShwedenUser+CoreDataClass.swift */ = {isa = PBXFileReference; lastKnownFileType = sourcecode.swift; path = "ShwedenUser+CoreDataClass.swift"; sourceTree = "<group>"; };
		9B95645423A3E75900ABFFAF /* ShwedenUser+CoreDataProperties.swift */ = {isa = PBXFileReference; lastKnownFileType = sourcecode.swift; path = "ShwedenUser+CoreDataProperties.swift"; sourceTree = "<group>"; };
		9B95645723A3E92500ABFFAF /* FinlandUser+CoreDataClass.swift */ = {isa = PBXFileReference; lastKnownFileType = sourcecode.swift; path = "FinlandUser+CoreDataClass.swift"; sourceTree = "<group>"; };
		9B95645823A3E92500ABFFAF /* FinlandUser+CoreDataProperties.swift */ = {isa = PBXFileReference; lastKnownFileType = sourcecode.swift; path = "FinlandUser+CoreDataProperties.swift"; sourceTree = "<group>"; };
/* End PBXFileReference section */

/* Begin PBXFrameworksBuildPhase section */
		9B95641F23A3B9E500ABFFAF /* Frameworks */ = {
			isa = PBXFrameworksBuildPhase;
			buildActionMask = 2147483647;
			files = (
			);
			runOnlyForDeploymentPostprocessing = 0;
		};
/* End PBXFrameworksBuildPhase section */

/* Begin PBXGroup section */
		9B95641923A3B9E500ABFFAF = {
			isa = PBXGroup;
			children = (
				9B95645723A3E92500ABFFAF /* FinlandUser+CoreDataClass.swift */,
				9B95645823A3E92500ABFFAF /* FinlandUser+CoreDataProperties.swift */,
				9B95642423A3B9E500ABFFAF /* MigrationCoreData */,
				9B95642323A3B9E500ABFFAF /* Products */,
			);
			sourceTree = "<group>";
		};
		9B95642323A3B9E500ABFFAF /* Products */ = {
			isa = PBXGroup;
			children = (
				9B95642223A3B9E500ABFFAF /* MigrationCoreData.app */,
			);
			name = Products;
			sourceTree = "<group>";
		};
		9B95642423A3B9E500ABFFAF /* MigrationCoreData */ = {
			isa = PBXGroup;
			children = (
				9B95644823A3D7E100ABFFAF /* MigrationSetting */,
				9B95643F23A3BF4B00ABFFAF /* Model */,
				9B95643C23A3BE4500ABFFAF /* Cell */,
				9B95642923A3B9E500ABFFAF /* UserViewController.swift */,
				9B95642B23A3B9E500ABFFAF /* Main.storyboard */,
				9B95644223A3BF8500ABFFAF /* SupportsFile */,
				9B95643623A3B9E600ABFFAF /* Info.plist */,
			);
			path = MigrationCoreData;
			sourceTree = "<group>";
		};
		9B95643C23A3BE4500ABFFAF /* Cell */ = {
			isa = PBXGroup;
			children = (
				9B95643D23A3BE6700ABFFAF /* UserTableViewCell.swift */,
			);
			path = Cell;
			sourceTree = "<group>";
		};
		9B95643F23A3BF4B00ABFFAF /* Model */ = {
			isa = PBXGroup;
			children = (
				9B95645323A3E75900ABFFAF /* ShwedenUser+CoreDataClass.swift */,
				9B95645423A3E75900ABFFAF /* ShwedenUser+CoreDataProperties.swift */,
				9B95644323A3CD9A00ABFFAF /* InternationalUser+CoreDataClass.swift */,
				9B95642523A3B9E500ABFFAF /* AppDelegate.swift */,
				9B95644023A3BF7000ABFFAF /* UserModel.swift */,
				9B95642E23A3B9E500ABFFAF /* MigrationCoreData.xcdatamodeld */,
			);
			path = Model;
			sourceTree = "<group>";
		};
		9B95644223A3BF8500ABFFAF /* SupportsFile */ = {
			isa = PBXGroup;
			children = (
				9B95643123A3B9E600ABFFAF /* Assets.xcassets */,
				9B95643323A3B9E600ABFFAF /* LaunchScreen.storyboard */,
				9B95642723A3B9E500ABFFAF /* SceneDelegate.swift */,
			);
			path = SupportsFile;
			sourceTree = "<group>";
		};
		9B95644823A3D7E100ABFFAF /* MigrationSetting */ = {
			isa = PBXGroup;
			children = (
				9B95644923A3D80E00ABFFAF /* SwedenUserMapping.swift */,
				9B95644B23A3D8C600ABFFAF /* FinlandUserMapping.swift */,
				9B95645123A3E28200ABFFAF /* Model.xcmappingmodel */,
			);
			path = MigrationSetting;
			sourceTree = "<group>";
		};
/* End PBXGroup section */

/* Begin PBXNativeTarget section */
		9B95642123A3B9E500ABFFAF /* MigrationCoreData */ = {
			isa = PBXNativeTarget;
			buildConfigurationList = 9B95643923A3B9E600ABFFAF /* Build configuration list for PBXNativeTarget "MigrationCoreData" */;
			buildPhases = (
				9B95641E23A3B9E500ABFFAF /* Sources */,
				9B95641F23A3B9E500ABFFAF /* Frameworks */,
				9B95642023A3B9E500ABFFAF /* Resources */,
			);
			buildRules = (
			);
			dependencies = (
			);
			name = MigrationCoreData;
			productName = MigrationCoreData;
			productReference = 9B95642223A3B9E500ABFFAF /* MigrationCoreData.app */;
			productType = "com.apple.product-type.application";
		};
/* End PBXNativeTarget section */

/* Begin PBXProject section */
		9B95641A23A3B9E500ABFFAF /* Project object */ = {
			isa = PBXProject;
			attributes = {
				LastSwiftUpdateCheck = 1120;
				LastUpgradeCheck = 1120;
				ORGANIZATIONNAME = "Ruslan Filistovich";
				TargetAttributes = {
					9B95642123A3B9E500ABFFAF = {
						CreatedOnToolsVersion = 11.2.1;
					};
				};
			};
			buildConfigurationList = 9B95641D23A3B9E500ABFFAF /* Build configuration list for PBXProject "MigrationCoreData" */;
			compatibilityVersion = "Xcode 9.3";
			developmentRegion = en;
			hasScannedForEncodings = 0;
			knownRegions = (
				en,
				Base,
			);
			mainGroup = 9B95641923A3B9E500ABFFAF;
			productRefGroup = 9B95642323A3B9E500ABFFAF /* Products */;
			projectDirPath = "";
			projectRoot = "";
			targets = (
				9B95642123A3B9E500ABFFAF /* MigrationCoreData */,
			);
		};
/* End PBXProject section */

/* Begin PBXResourcesBuildPhase section */
		9B95642023A3B9E500ABFFAF /* Resources */ = {
			isa = PBXResourcesBuildPhase;
			buildActionMask = 2147483647;
			files = (
				9B95643523A3B9E600ABFFAF /* LaunchScreen.storyboard in Resources */,
				9B95643223A3B9E600ABFFAF /* Assets.xcassets in Resources */,
				9B95642D23A3B9E500ABFFAF /* Main.storyboard in Resources */,
			);
			runOnlyForDeploymentPostprocessing = 0;
		};
/* End PBXResourcesBuildPhase section */

/* Begin PBXSourcesBuildPhase section */
		9B95641E23A3B9E500ABFFAF /* Sources */ = {
			isa = PBXSourcesBuildPhase;
			buildActionMask = 2147483647;
			files = (
				9B95644523A3CD9A00ABFFAF /* InternationalUser+CoreDataClass.swift in Sources */,
				9B95645A23A3E92500ABFFAF /* FinlandUser+CoreDataProperties.swift in Sources */,
				9B95645623A3E75900ABFFAF /* ShwedenUser+CoreDataProperties.swift in Sources */,
				9B95642A23A3B9E500ABFFAF /* UserViewController.swift in Sources */,
				9B95644C23A3D8C600ABFFAF /* FinlandUserMapping.swift in Sources */,
				9B95642623A3B9E500ABFFAF /* AppDelegate.swift in Sources */,
				9B95644A23A3D80E00ABFFAF /* SwedenUserMapping.swift in Sources */,
				9B95642823A3B9E500ABFFAF /* SceneDelegate.swift in Sources */,
				9B95643023A3B9E500ABFFAF /* MigrationCoreData.xcdatamodeld in Sources */,
				9B95645923A3E92500ABFFAF /* FinlandUser+CoreDataClass.swift in Sources */,
				9B95644123A3BF7000ABFFAF /* UserModel.swift in Sources */,
				9B95645223A3E28200ABFFAF /* Model.xcmappingmodel in Sources */,
				9B95643E23A3BE6700ABFFAF /* UserTableViewCell.swift in Sources */,
				9B95645523A3E75900ABFFAF /* ShwedenUser+CoreDataClass.swift in Sources */,
			);
			runOnlyForDeploymentPostprocessing = 0;
		};
/* End PBXSourcesBuildPhase section */

/* Begin PBXVariantGroup section */
		9B95642B23A3B9E500ABFFAF /* Main.storyboard */ = {
			isa = PBXVariantGroup;
			children = (
				9B95642C23A3B9E500ABFFAF /* Base */,
			);
			name = Main.storyboard;
			sourceTree = "<group>";
		};
		9B95643323A3B9E600ABFFAF /* LaunchScreen.storyboard */ = {
			isa = PBXVariantGroup;
			children = (
				9B95643423A3B9E600ABFFAF /* Base */,
			);
			name = LaunchScreen.storyboard;
			sourceTree = "<group>";
		};
/* End PBXVariantGroup section */

/* Begin XCBuildConfiguration section */
		9B95643723A3B9E600ABFFAF /* Debug */ = {
			isa = XCBuildConfiguration;
			buildSettings = {
				ALWAYS_SEARCH_USER_PATHS = NO;
				CLANG_ANALYZER_NONNULL = YES;
				CLANG_ANALYZER_NUMBER_OBJECT_CONVERSION = YES_AGGRESSIVE;
				CLANG_CXX_LANGUAGE_STANDARD = "gnu++14";
				CLANG_CXX_LIBRARY = "libc++";
				CLANG_ENABLE_MODULES = YES;
				CLANG_ENABLE_OBJC_ARC = YES;
				CLANG_ENABLE_OBJC_WEAK = YES;
				CLANG_WARN_BLOCK_CAPTURE_AUTORELEASING = YES;
				CLANG_WARN_BOOL_CONVERSION = YES;
				CLANG_WARN_COMMA = YES;
				CLANG_WARN_CONSTANT_CONVERSION = YES;
				CLANG_WARN_DEPRECATED_OBJC_IMPLEMENTATIONS = YES;
				CLANG_WARN_DIRECT_OBJC_ISA_USAGE = YES_ERROR;
				CLANG_WARN_DOCUMENTATION_COMMENTS = YES;
				CLANG_WARN_EMPTY_BODY = YES;
				CLANG_WARN_ENUM_CONVERSION = YES;
				CLANG_WARN_INFINITE_RECURSION = YES;
				CLANG_WARN_INT_CONVERSION = YES;
				CLANG_WARN_NON_LITERAL_NULL_CONVERSION = YES;
				CLANG_WARN_OBJC_IMPLICIT_RETAIN_SELF = YES;
				CLANG_WARN_OBJC_LITERAL_CONVERSION = YES;
				CLANG_WARN_OBJC_ROOT_CLASS = YES_ERROR;
				CLANG_WARN_RANGE_LOOP_ANALYSIS = YES;
				CLANG_WARN_STRICT_PROTOTYPES = YES;
				CLANG_WARN_SUSPICIOUS_MOVE = YES;
				CLANG_WARN_UNGUARDED_AVAILABILITY = YES_AGGRESSIVE;
				CLANG_WARN_UNREACHABLE_CODE = YES;
				CLANG_WARN__DUPLICATE_METHOD_MATCH = YES;
				COPY_PHASE_STRIP = NO;
				DEBUG_INFORMATION_FORMAT = dwarf;
				ENABLE_STRICT_OBJC_MSGSEND = YES;
				ENABLE_TESTABILITY = YES;
				GCC_C_LANGUAGE_STANDARD = gnu11;
				GCC_DYNAMIC_NO_PIC = NO;
				GCC_NO_COMMON_BLOCKS = YES;
				GCC_OPTIMIZATION_LEVEL = 0;
				GCC_PREPROCESSOR_DEFINITIONS = (
					"DEBUG=1",
					"$(inherited)",
				);
				GCC_WARN_64_TO_32_BIT_CONVERSION = YES;
				GCC_WARN_ABOUT_RETURN_TYPE = YES_ERROR;
				GCC_WARN_UNDECLARED_SELECTOR = YES;
				GCC_WARN_UNINITIALIZED_AUTOS = YES_AGGRESSIVE;
				GCC_WARN_UNUSED_FUNCTION = YES;
				GCC_WARN_UNUSED_VARIABLE = YES;
				IPHONEOS_DEPLOYMENT_TARGET = 13.2;
				MTL_ENABLE_DEBUG_INFO = INCLUDE_SOURCE;
				MTL_FAST_MATH = YES;
				ONLY_ACTIVE_ARCH = YES;
				SDKROOT = iphoneos;
				SWIFT_ACTIVE_COMPILATION_CONDITIONS = DEBUG;
				SWIFT_OPTIMIZATION_LEVEL = "-Onone";
			};
			name = Debug;
		};
		9B95643823A3B9E600ABFFAF /* Release */ = {
			isa = XCBuildConfiguration;
			buildSettings = {
				ALWAYS_SEARCH_USER_PATHS = NO;
				CLANG_ANALYZER_NONNULL = YES;
				CLANG_ANALYZER_NUMBER_OBJECT_CONVERSION = YES_AGGRESSIVE;
				CLANG_CXX_LANGUAGE_STANDARD = "gnu++14";
				CLANG_CXX_LIBRARY = "libc++";
				CLANG_ENABLE_MODULES = YES;
				CLANG_ENABLE_OBJC_ARC = YES;
				CLANG_ENABLE_OBJC_WEAK = YES;
				CLANG_WARN_BLOCK_CAPTURE_AUTORELEASING = YES;
				CLANG_WARN_BOOL_CONVERSION = YES;
				CLANG_WARN_COMMA = YES;
				CLANG_WARN_CONSTANT_CONVERSION = YES;
				CLANG_WARN_DEPRECATED_OBJC_IMPLEMENTATIONS = YES;
				CLANG_WARN_DIRECT_OBJC_ISA_USAGE = YES_ERROR;
				CLANG_WARN_DOCUMENTATION_COMMENTS = YES;
				CLANG_WARN_EMPTY_BODY = YES;
				CLANG_WARN_ENUM_CONVERSION = YES;
				CLANG_WARN_INFINITE_RECURSION = YES;
				CLANG_WARN_INT_CONVERSION = YES;
				CLANG_WARN_NON_LITERAL_NULL_CONVERSION = YES;
				CLANG_WARN_OBJC_IMPLICIT_RETAIN_SELF = YES;
				CLANG_WARN_OBJC_LITERAL_CONVERSION = YES;
				CLANG_WARN_OBJC_ROOT_CLASS = YES_ERROR;
				CLANG_WARN_RANGE_LOOP_ANALYSIS = YES;
				CLANG_WARN_STRICT_PROTOTYPES = YES;
				CLANG_WARN_SUSPICIOUS_MOVE = YES;
				CLANG_WARN_UNGUARDED_AVAILABILITY = YES_AGGRESSIVE;
				CLANG_WARN_UNREACHABLE_CODE = YES;
				CLANG_WARN__DUPLICATE_METHOD_MATCH = YES;
				COPY_PHASE_STRIP = NO;
				DEBUG_INFORMATION_FORMAT = "dwarf-with-dsym";
				ENABLE_NS_ASSERTIONS = NO;
				ENABLE_STRICT_OBJC_MSGSEND = YES;
				GCC_C_LANGUAGE_STANDARD = gnu11;
				GCC_NO_COMMON_BLOCKS = YES;
				GCC_WARN_64_TO_32_BIT_CONVERSION = YES;
				GCC_WARN_ABOUT_RETURN_TYPE = YES_ERROR;
				GCC_WARN_UNDECLARED_SELECTOR = YES;
				GCC_WARN_UNINITIALIZED_AUTOS = YES_AGGRESSIVE;
				GCC_WARN_UNUSED_FUNCTION = YES;
				GCC_WARN_UNUSED_VARIABLE = YES;
				IPHONEOS_DEPLOYMENT_TARGET = 13.2;
				MTL_ENABLE_DEBUG_INFO = NO;
				MTL_FAST_MATH = YES;
				SDKROOT = iphoneos;
				SWIFT_COMPILATION_MODE = wholemodule;
				SWIFT_OPTIMIZATION_LEVEL = "-O";
				VALIDATE_PRODUCT = YES;
			};
			name = Release;
		};
		9B95643A23A3B9E600ABFFAF /* Debug */ = {
			isa = XCBuildConfiguration;
			buildSettings = {
				ASSETCATALOG_COMPILER_APPICON_NAME = AppIcon;
				CODE_SIGN_STYLE = Automatic;
				DEVELOPMENT_TEAM = W85ZZMYXUT;
				INFOPLIST_FILE = MigrationCoreData/Info.plist;
				LD_RUNPATH_SEARCH_PATHS = (
					"$(inherited)",
					"@executable_path/Frameworks",
				);
				PRODUCT_BUNDLE_IDENTIFIER = com.intexsoft.MigrationCoreData;
				PRODUCT_NAME = "$(TARGET_NAME)";
				SWIFT_VERSION = 5.0;
				TARGETED_DEVICE_FAMILY = "1,2";
			};
			name = Debug;
		};
		9B95643B23A3B9E600ABFFAF /* Release */ = {
			isa = XCBuildConfiguration;
			buildSettings = {
				ASSETCATALOG_COMPILER_APPICON_NAME = AppIcon;
				CODE_SIGN_STYLE = Automatic;
				DEVELOPMENT_TEAM = W85ZZMYXUT;
				INFOPLIST_FILE = MigrationCoreData/Info.plist;
				LD_RUNPATH_SEARCH_PATHS = (
					"$(inherited)",
					"@executable_path/Frameworks",
				);
				PRODUCT_BUNDLE_IDENTIFIER = com.intexsoft.MigrationCoreData;
				PRODUCT_NAME = "$(TARGET_NAME)";
				SWIFT_VERSION = 5.0;
				TARGETED_DEVICE_FAMILY = "1,2";
			};
			name = Release;
		};
/* End XCBuildConfiguration section */

/* Begin XCConfigurationList section */
		9B95641D23A3B9E500ABFFAF /* Build configuration list for PBXProject "MigrationCoreData" */ = {
			isa = XCConfigurationList;
			buildConfigurations = (
				9B95643723A3B9E600ABFFAF /* Debug */,
				9B95643823A3B9E600ABFFAF /* Release */,
			);
			defaultConfigurationIsVisible = 0;
			defaultConfigurationName = Release;
		};
		9B95643923A3B9E600ABFFAF /* Build configuration list for PBXNativeTarget "MigrationCoreData" */ = {
			isa = XCConfigurationList;
			buildConfigurations = (
				9B95643A23A3B9E600ABFFAF /* Debug */,
				9B95643B23A3B9E600ABFFAF /* Release */,
			);
			defaultConfigurationIsVisible = 0;
			defaultConfigurationName = Release;
		};
/* End XCConfigurationList section */

/* Begin XCVersionGroup section */
		9B95642E23A3B9E500ABFFAF /* MigrationCoreData.xcdatamodeld */ = {
			isa = XCVersionGroup;
			children = (
				9B95644723A3D36000ABFFAF /* MigrationCoreDataV2.xcdatamodel */,
				9B95642F23A3B9E500ABFFAF /* MigrationCoreData.xcdatamodel */,
			);
			currentVersion = 9B95644723A3D36000ABFFAF /* MigrationCoreDataV2.xcdatamodel */;
			path = MigrationCoreData.xcdatamodeld;
			sourceTree = "<group>";
			versionGroupType = wrapper.xcdatamodel;
		};
/* End XCVersionGroup section */
	};
	rootObject = 9B95641A23A3B9E500ABFFAF /* Project object */;
}
